// !$*UTF8*$!
{
	archiveVersion = 1;
	classes = {
	};
	objectVersion = 46;
	objects = {

/* Begin PBXBuildFile section */
		50B324121BD4283600160921 /* AppDelegate.swift in Sources */ = {isa = PBXBuildFile; fileRef = 50B324111BD4283600160921 /* AppDelegate.swift */; };
		50B324141BD4283600160921 /* ViewController.swift in Sources */ = {isa = PBXBuildFile; fileRef = 50B324131BD4283600160921 /* ViewController.swift */; };
		50B324171BD4283600160921 /* Main.storyboard in Resources */ = {isa = PBXBuildFile; fileRef = 50B324151BD4283600160921 /* Main.storyboard */; };
		50B324191BD4283600160921 /* Assets.xcassets in Resources */ = {isa = PBXBuildFile; fileRef = 50B324181BD4283600160921 /* Assets.xcassets */; };
		50B3241C1BD4283600160921 /* LaunchScreen.storyboard in Resources */ = {isa = PBXBuildFile; fileRef = 50B3241A1BD4283600160921 /* LaunchScreen.storyboard */; };
/* End PBXBuildFile section */

/* Begin PBXFileReference section */
		50B3240E1BD4283600160921 /* Friendbook Parse.app */ = {isa = PBXFileReference; explicitFileType = wrapper.application; includeInIndex = 0; path = "Friendbook Parse.app"; sourceTree = BUILT_PRODUCTS_DIR; };
		50B324111BD4283600160921 /* AppDelegate.swift */ = {isa = PBXFileReference; lastKnownFileType = sourcecode.swift; path = AppDelegate.swift; sourceTree = "<group>"; };
		50B324131BD4283600160921 /* ViewController.swift */ = {isa = PBXFileReference; lastKnownFileType = sourcecode.swift; path = ViewController.swift; sourceTree = "<group>"; };
		50B324161BD4283600160921 /* Base */ = {isa = PBXFileReference; lastKnownFileType = file.storyboard; name = Base; path = Base.lproj/Main.storyboard; sourceTree = "<group>"; };
		50B324181BD4283600160921 /* Assets.xcassets */ = {isa = PBXFileReference; lastKnownFileType = folder.assetcatalog; path = Assets.xcassets; sourceTree = "<group>"; };
		50B3241B1BD4283600160921 /* Base */ = {isa = PBXFileReference; lastKnownFileType = file.storyboard; name = Base; path = Base.lproj/LaunchScreen.storyboard; sourceTree = "<group>"; };
		50B3241D1BD4283600160921 /* Info.plist */ = {isa = PBXFileReference; lastKnownFileType = text.plist.xml; path = Info.plist; sourceTree = "<group>"; };
/* End PBXFileReference section */

/* Begin PBXFrameworksBuildPhase section */
		50B3240B1BD4283600160921 /* Frameworks */ = {
			isa = PBXFrameworksBuildPhase;
			buildActionMask = 2147483647;
			files = (
			);
			runOnlyForDeploymentPostprocessing = 0;
		};
/* End PBXFrameworksBuildPhase section */

/* Begin PBXGroup section */
		50B324051BD4283600160921 = {
			isa = PBXGroup;
			children = (
				50B324101BD4283600160921 /* Friendbook Parse */,
				50B3240F1BD4283600160921 /* Products */,
			);
			sourceTree = "<group>";
		};
		50B3240F1BD4283600160921 /* Products */ = {
			isa = PBXGroup;
			children = (
				50B3240E1BD4283600160921 /* Friendbook Parse.app */,
			);
			name = Products;
			sourceTree = "<group>";
		};
		50B324101BD4283600160921 /* Friendbook Parse */ = {
			isa = PBXGroup;
			children = (
				50B324111BD4283600160921 /* AppDelegate.swift */,
				50B324131BD4283600160921 /* ViewController.swift */,
				50B324151BD4283600160921 /* Main.storyboard */,
				50B324181BD4283600160921 /* Assets.xcassets */,
				50B3241A1BD4283600160921 /* LaunchScreen.storyboard */,
				50B3241D1BD4283600160921 /* Info.plist */,
			);
			path = "Friendbook Parse";
			sourceTree = "<group>";
		};
/* End PBXGroup section */

/* Begin PBXNativeTarget section */
		50B3240D1BD4283600160921 /* Friendbook Parse */ = {
			isa = PBXNativeTarget;
			buildConfigurationList = 50B324201BD4283600160921 /* Build configuration list for PBXNativeTarget "Friendbook Parse" */;
			buildPhases = (
				50B3240A1BD4283600160921 /* Sources */,
				50B3240B1BD4283600160921 /* Frameworks */,
				50B3240C1BD4283600160921 /* Resources */,
			);
			buildRules = (
			);
			dependencies = (
			);
			name = "Friendbook Parse";
			productName = "Friendbook Parse";
			productReference = 50B3240E1BD4283600160921 /* Friendbook Parse.app */;
			productType = "com.apple.product-type.application";
		};
/* End PBXNativeTarget section */

/* Begin PBXProject section */
		50B324061BD4283600160921 /* Project object */ = {
			isa = PBXProject;
			attributes = {
				LastUpgradeCheck = 0700;
				ORGANIZATIONNAME = "Юрий Михайлов";
				TargetAttributes = {
					50B3240D1BD4283600160921 = {
						CreatedOnToolsVersion = 7.0.1;
						DevelopmentTeam = ME2R73LWW9;
					};
				};
			};
			buildConfigurationList = 50B324091BD4283600160921 /* Build configuration list for PBXProject "Friendbook Parse" */;
			compatibilityVersion = "Xcode 3.2";
			developmentRegion = English;
			hasScannedForEncodings = 0;
			knownRegions = (
				en,
				Base,
			);
			mainGroup = 50B324051BD4283600160921;
			productRefGroup = 50B3240F1BD4283600160921 /* Products */;
			projectDirPath = "";
			projectRoot = "";
			targets = (
				50B3240D1BD4283600160921 /* Friendbook Parse */,
			);
		};
/* End PBXProject section */

/* Begin PBXResourcesBuildPhase section */
		50B3240C1BD4283600160921 /* Resources */ = {
			isa = PBXResourcesBuildPhase;
			buildActionMask = 2147483647;
			files = (
				50B3241C1BD4283600160921 /* LaunchScreen.storyboard in Resources */,
				50B324191BD4283600160921 /* Assets.xcassets in Resources */,
				50B324171BD4283600160921 /* Main.storyboard in Resources */,
			);
			runOnlyForDeploymentPostprocessing = 0;
		};
/* End PBXResourcesBuildPhase section */

/* Begin PBXSourcesBuildPhase section */
		50B3240A1BD4283600160921 /* Sources */ = {
			isa = PBXSourcesBuildPhase;
			buildActionMask = 2147483647;
			files = (
				50B324141BD4283600160921 /* ViewController.swift in Sources */,
				50B324121BD4283600160921 /* AppDelegate.swift in Sources */,
			);
			runOnlyForDeploymentPostprocessing = 0;
		};
/* End PBXSourcesBuildPhase section */

/* Begin PBXVariantGroup section */
		50B324151BD4283600160921 /* Main.storyboard */ = {
			isa = PBXVariantGroup;
			children = (
				50B324161BD4283600160921 /* Base */,
			);
			name = Main.storyboard;
			sourceTree = "<group>";
		};
		50B3241A1BD4283600160921 /* LaunchScreen.storyboard */ = {
			isa = PBXVariantGroup;
			children = (
				50B3241B1BD4283600160921 /* Base */,
			);
			name = LaunchScreen.storyboard;
			sourceTree = "<group>";
		};
/* End PBXVariantGroup section */

/* Begin XCBuildConfiguration section */
		50B3241E1BD4283600160921 /* Debug */ = {
			isa = XCBuildConfiguration;
			buildSettings = {
				ALWAYS_SEARCH_USER_PATHS = NO;
				CLANG_CXX_LANGUAGE_STANDARD = "gnu++0x";
				CLANG_CXX_LIBRARY = "libc++";
				CLANG_ENABLE_MODULES = YES;
				CLANG_ENABLE_OBJC_ARC = YES;
				CLANG_WARN_BOOL_CONVERSION = YES;
				CLANG_WARN_CONSTANT_CONVERSION = YES;
				CLANG_WARN_DIRECT_OBJC_ISA_USAGE = YES_ERROR;
				CLANG_WARN_EMPTY_BODY = YES;
				CLANG_WARN_ENUM_CONVERSION = YES;
				CLANG_WARN_INT_CONVERSION = YES;
				CLANG_WARN_OBJC_ROOT_CLASS = YES_ERROR;
				CLANG_WARN_UNREACHABLE_CODE = YES;
				CLANG_WARN__DUPLICATE_METHOD_MATCH = YES;
				"CODE_SIGN_IDENTITY[sdk=iphoneos*]" = "iPhone Developer";
				COPY_PHASE_STRIP = NO;
				DEBUG_INFORMATION_FORMAT = dwarf;
				ENABLE_STRICT_OBJC_MSGSEND = YES;
				ENABLE_TESTABILITY = YES;
				GCC_C_LANGUAGE_STANDARD = gnu99;
				GCC_DYNAMIC_NO_PIC = NO;
				GCC_NO_COMMON_BLOCKS = YES;
				GCC_OPTIMIZATION_LEVEL = 0;
				GCC_PREPROCESSOR_DEFINITIONS = (
					"DEBUG=1",
					"$(inherited)",
				);
				GCC_WARN_64_TO_32_BIT_CONVERSION = YES;
				GCC_WARN_ABOUT_RETURN_TYPE = YES_ERROR;
				GCC_WARN_UNDECLARED_SELECTOR = YES;
				GCC_WARN_UNINITIALIZED_AUTOS = YES_AGGRESSIVE;
				GCC_WARN_UNUSED_FUNCTION = YES;
				GCC_WARN_UNUSED_VARIABLE = YES;
				IPHONEOS_DEPLOYMENT_TARGET = 9.0;
				MTL_ENABLE_DEBUG_INFO = YES;
				ONLY_ACTIVE_ARCH = YES;
				SDKROOT = iphoneos;
				SWIFT_OPTIMIZATION_LEVEL = "-Onone";
			};
			name = Debug;
		};
		50B3241F1BD4283600160921 /* Release */ = {
			isa = XCBuildConfiguration;
			buildSettings = {
				ALWAYS_SEARCH_USER_PATHS = NO;
				CLANG_CXX_LANGUAGE_STANDARD = "gnu++0x";
				CLANG_CXX_LIBRARY = "libc++";
				CLANG_ENABLE_MODULES = YES;
				CLANG_ENABLE_OBJC_ARC = YES;
				CLANG_WARN_BOOL_CONVERSION = YES;
				CLANG_WARN_CONSTANT_CONVERSION = YES;
				CLANG_WARN_DIRECT_OBJC_ISA_USAGE = YES_ERROR;
				CLANG_WARN_EMPTY_BODY = YES;
				CLANG_WARN_ENUM_CONVERSION = YES;
				CLANG_WARN_INT_CONVERSION = YES;
				CLANG_WARN_OBJC_ROOT_CLASS = YES_ERROR;
				CLANG_WARN_UNREACHABLE_CODE = YES;
				CLANG_WARN__DUPLICATE_METHOD_MATCH = YES;
				"CODE_SIGN_IDENTITY[sdk=iphoneos*]" = "iPhone Developer";
				COPY_PHASE_STRIP = NO;
				DEBUG_INFORMATION_FORMAT = "dwarf-with-dsym";
				ENABLE_NS_ASSERTIONS = NO;
				ENABLE_STRICT_OBJC_MSGSEND = YES;
				GCC_C_LANGUAGE_STANDARD = gnu99;
				GCC_NO_COMMON_BLOCKS = YES;
				GCC_WARN_64_TO_32_BIT_CONVERSION = YES;
				GCC_WARN_ABOUT_RETURN_TYPE = YES_ERROR;
				GCC_WARN_UNDECLARED_SELECTOR = YES;
				GCC_WARN_UNINITIALIZED_AUTOS = YES_AGGRESSIVE;
				GCC_WARN_UNUSED_FUNCTION = YES;
				GCC_WARN_UNUSED_VARIABLE = YES;
				IPHONEOS_DEPLOYMENT_TARGET = 9.0;
				MTL_ENABLE_DEBUG_INFO = NO;
				SDKROOT = iphoneos;
				VALIDATE_PRODUCT = YES;
			};
			name = Release;
		};
		50B324211BD4283600160921 /* Debug */ = {
			isa = XCBuildConfiguration;
			buildSettings = {
				ASSETCATALOG_COMPILER_APPICON_NAME = AppIcon;
				INFOPLIST_FILE = "Friendbook Parse/Info.plist";
				IPHONEOS_DEPLOYMENT_TARGET = 8.0;
				LD_RUNPATH_SEARCH_PATHS = "$(inherited) @executable_path/Frameworks";
				PRODUCT_BUNDLE_IDENTIFIER = "ru.yurijmi.Friendbook-Parse";
				PRODUCT_NAME = "$(TARGET_NAME)";
			};
			name = Debug;
		};
		50B324221BD4283600160921 /* Release */ = {
			isa = XCBuildConfiguration;
			buildSettings = {
				ASSETCATALOG_COMPILER_APPICON_NAME = AppIcon;
				INFOPLIST_FILE = "Friendbook Parse/Info.plist";
				IPHONEOS_DEPLOYMENT_TARGET = 8.0;
				LD_RUNPATH_SEARCH_PATHS = "$(inherited) @executable_path/Frameworks";
				PRODUCT_BUNDLE_IDENTIFIER = "ru.yurijmi.Friendbook-Parse";
				PRODUCT_NAME = "$(TARGET_NAME)";
			};
			name = Release;
		};
/* End XCBuildConfiguration section */

/* Begin XCConfigurationList section */
		50B324091BD4283600160921 /* Build configuration list for PBXProject "Friendbook Parse" */ = {
			isa = XCConfigurationList;
			buildConfigurations = (
				50B3241E1BD4283600160921 /* Debug */,
				50B3241F1BD4283600160921 /* Release */,
			);
			defaultConfigurationIsVisible = 0;
			defaultConfigurationName = Release;
		};
		50B324201BD4283600160921 /* Build configuration list for PBXNativeTarget "Friendbook Parse" */ = {
			isa = XCConfigurationList;
			buildConfigurations = (
				50B324211BD4283600160921 /* Debug */,
				50B324221BD4283600160921 /* Release */,
			);
			defaultConfigurationIsVisible = 0;
		};
/* End XCConfigurationList section */
	};
	rootObject = 50B324061BD4283600160921 /* Project object */;
}
